
Microsoft Visual Studio Solution File, Format Version 12.00
# Visual Studio 15
VisualStudioVersion = 15.0.28307.168
MinimumVisualStudioVersion = 10.0.40219.1
Project("{FAE04EC0-301F-11D3-BF4B-00C04F79EFBC}") = "WebApplication1", "WebApplication1\WebApplication1.csproj", "{7D7CFFAC-8A3E-4C16-824F-0544FAC7DE69}"
EndProject
Global
	GlobalSection(SolutionConfigurationPlatforms) = preSolution
		Debug|Any CPU = Debug|Any CPU
		Release|Any CPU = Release|Any CPU
	EndGlobalSection
	GlobalSection(ProjectConfigurationPlatforms) = postSolution
		{7D7CFFAC-8A3E-4C16-824F-0544FAC7DE69}.Debug|Any CPU.ActiveCfg = Debug|Any CPU
		{7D7CFFAC-8A3E-4C16-824F-0544FAC7DE69}.Debug|Any CPU.Build.0 = Debug|Any CPU
		{7D7CFFAC-8A3E-4C16-824F-0544FAC7DE69}.Release|Any CPU.ActiveCfg = Release|Any CPU
		{7D7CFFAC-8A3E-4C16-824F-0544FAC7DE69}.Release|Any CPU.Build.0 = Release|Any CPU
	EndGlobalSection
	GlobalSection(SolutionProperties) = preSolution
		HideSolutionNode = FALSE
	EndGlobalSection
	GlobalSection(ExtensibilityGlobals) = postSolution
		SolutionGuid = {C9E81A10-7707-4D55-B94C-EC5AF3AA6E46}
	EndGlobalSection
EndGlobal
